
Microsoft Visual Studio Solution File, Format Version 12.00
# Visual Studio 15
VisualStudioVersion = 15.0.28010.2048
MinimumVisualStudioVersion = 10.0.40219.1
Project("{FAE04EC0-301F-11D3-BF4B-00C04F79EFBC}") = "OOAApp", "OOAApp\OOAApp.csproj", "{98F8210D-87D3-42DA-8420-573C1890E041}"
EndProject
Global
	GlobalSection(SolutionConfigurationPlatforms) = preSolution
		Debug|Any CPU = Debug|Any CPU
		Release|Any CPU = Release|Any CPU
	EndGlobalSection
	GlobalSection(ProjectConfigurationPlatforms) = postSolution
		{98F8210D-87D3-42DA-8420-573C1890E041}.Debug|Any CPU.ActiveCfg = Debug|Any CPU
		{98F8210D-87D3-42DA-8420-573C1890E041}.Debug|Any CPU.Build.0 = Debug|Any CPU
		{98F8210D-87D3-42DA-8420-573C1890E041}.Release|Any CPU.ActiveCfg = Release|Any CPU
		{98F8210D-87D3-42DA-8420-573C1890E041}.Release|Any CPU.Build.0 = Release|Any CPU
	EndGlobalSection
	GlobalSection(SolutionProperties) = preSolution
		HideSolutionNode = FALSE
	EndGlobalSection
	GlobalSection(ExtensibilityGlobals) = postSolution
		SolutionGuid = {922A81D7-331D-45A6-A9D1-B784315052AB}
	EndGlobalSection
EndGlobal
